
Microsoft Visual Studio Solution File, Format Version 12.00
# Visual Studio Version 16
VisualStudioVersion = 16.0.31402.337
MinimumVisualStudioVersion = 10.0.40219.1
Project("{FAE04EC0-301F-11D3-BF4B-00C04F79EFBC}") = "BTVNTuan2", "BTVNTuan2.csproj", "{285E74E0-1704-46CC-ADC6-0DBBC0ADBA71}"
EndProject
Global
	GlobalSection(SolutionConfigurationPlatforms) = preSolution
		Debug|Any CPU = Debug|Any CPU
		Release|Any CPU = Release|Any CPU
	EndGlobalSection
	GlobalSection(ProjectConfigurationPlatforms) = postSolution
		{285E74E0-1704-46CC-ADC6-0DBBC0ADBA71}.Debug|Any CPU.ActiveCfg = Debug|Any CPU
		{285E74E0-1704-46CC-ADC6-0DBBC0ADBA71}.Debug|Any CPU.Build.0 = Debug|Any CPU
		{285E74E0-1704-46CC-ADC6-0DBBC0ADBA71}.Release|Any CPU.ActiveCfg = Release|Any CPU
		{285E74E0-1704-46CC-ADC6-0DBBC0ADBA71}.Release|Any CPU.Build.0 = Release|Any CPU
	EndGlobalSection
	GlobalSection(SolutionProperties) = preSolution
		HideSolutionNode = FALSE
	EndGlobalSection
	GlobalSection(ExtensibilityGlobals) = postSolution
		SolutionGuid = {3D731B16-BD4E-4277-9581-63F72FF72A1F}
	EndGlobalSection
EndGlobal
